// !$*UTF8*$!
{
	archiveVersion = 1;
	classes = {
	};
	objectVersion = 50;
	objects = {

/* Begin PBXBuildFile section */
		9ACA223F265B882800A0A172 /* GameOverViewController.swift in Sources */ = {isa = PBXBuildFile; fileRef = 9ACA223E265B882800A0A172 /* GameOverViewController.swift */; };
		9ACA2242265B8A5200A0A172 /* gameover.mp3 in Resources */ = {isa = PBXBuildFile; fileRef = 9ACA2241265B8A5200A0A172 /* gameover.mp3 */; };
		9AE217AA265B4CE200D7B14E /* AppDelegate.swift in Sources */ = {isa = PBXBuildFile; fileRef = 9AE217A9265B4CE200D7B14E /* AppDelegate.swift */; };
		9AE217AC265B4CE200D7B14E /* SceneDelegate.swift in Sources */ = {isa = PBXBuildFile; fileRef = 9AE217AB265B4CE200D7B14E /* SceneDelegate.swift */; };
		9AE217AE265B4CE200D7B14E /* ViewController.swift in Sources */ = {isa = PBXBuildFile; fileRef = 9AE217AD265B4CE200D7B14E /* ViewController.swift */; };
		9AE217B1265B4CE200D7B14E /* Main.storyboard in Resources */ = {isa = PBXBuildFile; fileRef = 9AE217AF265B4CE200D7B14E /* Main.storyboard */; };
		9AE217B3265B4CE200D7B14E /* Assets.xcassets in Resources */ = {isa = PBXBuildFile; fileRef = 9AE217B2265B4CE200D7B14E /* Assets.xcassets */; };
		9AE217B6265B4CE200D7B14E /* LaunchScreen.storyboard in Resources */ = {isa = PBXBuildFile; fileRef = 9AE217B4265B4CE200D7B14E /* LaunchScreen.storyboard */; };
		9AE217C0265B5B8600D7B14E /* cards.swift in Sources */ = {isa = PBXBuildFile; fileRef = 9AE217BF265B5B8600D7B14E /* cards.swift */; };
/* End PBXBuildFile section */

/* Begin PBXFileReference section */
		9ACA223E265B882800A0A172 /* GameOverViewController.swift */ = {isa = PBXFileReference; lastKnownFileType = sourcecode.swift; path = GameOverViewController.swift; sourceTree = "<group>"; };
		9ACA2241265B8A5200A0A172 /* gameover.mp3 */ = {isa = PBXFileReference; lastKnownFileType = audio.mp3; path = gameover.mp3; sourceTree = "<group>"; };
		9AE217A6265B4CE200D7B14E /* BlackJack-21點-3.app */ = {isa = PBXFileReference; explicitFileType = wrapper.application; includeInIndex = 0; path = "BlackJack-21點-3.app"; sourceTree = BUILT_PRODUCTS_DIR; };
		9AE217A9265B4CE200D7B14E /* AppDelegate.swift */ = {isa = PBXFileReference; lastKnownFileType = sourcecode.swift; path = AppDelegate.swift; sourceTree = "<group>"; };
		9AE217AB265B4CE200D7B14E /* SceneDelegate.swift */ = {isa = PBXFileReference; lastKnownFileType = sourcecode.swift; path = SceneDelegate.swift; sourceTree = "<group>"; };
		9AE217AD265B4CE200D7B14E /* ViewController.swift */ = {isa = PBXFileReference; lastKnownFileType = sourcecode.swift; path = ViewController.swift; sourceTree = "<group>"; };
		9AE217B0265B4CE200D7B14E /* Base */ = {isa = PBXFileReference; lastKnownFileType = file.storyboard; name = Base; path = Base.lproj/Main.storyboard; sourceTree = "<group>"; };
		9AE217B2265B4CE200D7B14E /* Assets.xcassets */ = {isa = PBXFileReference; lastKnownFileType = folder.assetcatalog; path = Assets.xcassets; sourceTree = "<group>"; };
		9AE217B5265B4CE200D7B14E /* Base */ = {isa = PBXFileReference; lastKnownFileType = file.storyboard; name = Base; path = Base.lproj/LaunchScreen.storyboard; sourceTree = "<group>"; };
		9AE217B7265B4CE200D7B14E /* Info.plist */ = {isa = PBXFileReference; lastKnownFileType = text.plist.xml; path = Info.plist; sourceTree = "<group>"; };
		9AE217BF265B5B8600D7B14E /* cards.swift */ = {isa = PBXFileReference; lastKnownFileType = sourcecode.swift; path = cards.swift; sourceTree = "<group>"; };
/* End PBXFileReference section */

/* Begin PBXFrameworksBuildPhase section */
		9AE217A3265B4CE200D7B14E /* Frameworks */ = {
			isa = PBXFrameworksBuildPhase;
			buildActionMask = 2147483647;
			files = (
			);
			runOnlyForDeploymentPostprocessing = 0;
		};
/* End PBXFrameworksBuildPhase section */

/* Begin PBXGroup section */
		9AE2179D265B4CE200D7B14E = {
			isa = PBXGroup;
			children = (
				9AE217A8265B4CE200D7B14E /* BlackJack-21點-3 */,
				9AE217A7265B4CE200D7B14E /* Products */,
			);
			sourceTree = "<group>";
		};
		9AE217A7265B4CE200D7B14E /* Products */ = {
			isa = PBXGroup;
			children = (
				9AE217A6265B4CE200D7B14E /* BlackJack-21點-3.app */,
			);
			name = Products;
			sourceTree = "<group>";
		};
		9AE217A8265B4CE200D7B14E /* BlackJack-21點-3 */ = {
			isa = PBXGroup;
			children = (
				9AE217A9265B4CE200D7B14E /* AppDelegate.swift */,
				9AE217AB265B4CE200D7B14E /* SceneDelegate.swift */,
				9AE217AD265B4CE200D7B14E /* ViewController.swift */,
				9AE217AF265B4CE200D7B14E /* Main.storyboard */,
				9ACA223E265B882800A0A172 /* GameOverViewController.swift */,
				9AE217BF265B5B8600D7B14E /* cards.swift */,
				9ACA2241265B8A5200A0A172 /* gameover.mp3 */,
				9AE217B2265B4CE200D7B14E /* Assets.xcassets */,
				9AE217B4265B4CE200D7B14E /* LaunchScreen.storyboard */,
				9AE217B7265B4CE200D7B14E /* Info.plist */,
			);
			path = "BlackJack-21點-3";
			sourceTree = "<group>";
		};
/* End PBXGroup section */

/* Begin PBXNativeTarget section */
		9AE217A5265B4CE200D7B14E /* BlackJack-21點-3 */ = {
			isa = PBXNativeTarget;
			buildConfigurationList = 9AE217BA265B4CE200D7B14E /* Build configuration list for PBXNativeTarget "BlackJack-21點-3" */;
			buildPhases = (
				9AE217A2265B4CE200D7B14E /* Sources */,
				9AE217A3265B4CE200D7B14E /* Frameworks */,
				9AE217A4265B4CE200D7B14E /* Resources */,
			);
			buildRules = (
			);
			dependencies = (
			);
			name = "BlackJack-21點-3";
			productName = "BlackJack-21點-3";
			productReference = 9AE217A6265B4CE200D7B14E /* BlackJack-21點-3.app */;
			productType = "com.apple.product-type.application";
		};
/* End PBXNativeTarget section */

/* Begin PBXProject section */
		9AE2179E265B4CE200D7B14E /* Project object */ = {
			isa = PBXProject;
			attributes = {
				LastSwiftUpdateCheck = 1240;
				LastUpgradeCheck = 1240;
				TargetAttributes = {
					9AE217A5265B4CE200D7B14E = {
						CreatedOnToolsVersion = 12.4;
					};
				};
			};
			buildConfigurationList = 9AE217A1265B4CE200D7B14E /* Build configuration list for PBXProject "BlackJack-21點-3" */;
			compatibilityVersion = "Xcode 9.3";
			developmentRegion = en;
			hasScannedForEncodings = 0;
			knownRegions = (
				en,
				Base,
			);
			mainGroup = 9AE2179D265B4CE200D7B14E;
			productRefGroup = 9AE217A7265B4CE200D7B14E /* Products */;
			projectDirPath = "";
			projectRoot = "";
			targets = (
				9AE217A5265B4CE200D7B14E /* BlackJack-21點-3 */,
			);
		};
/* End PBXProject section */

/* Begin PBXResourcesBuildPhase section */
		9AE217A4265B4CE200D7B14E /* Resources */ = {
			isa = PBXResourcesBuildPhase;
			buildActionMask = 2147483647;
			files = (
				9ACA2242265B8A5200A0A172 /* gameover.mp3 in Resources */,
				9AE217B6265B4CE200D7B14E /* LaunchScreen.storyboard in Resources */,
				9AE217B3265B4CE200D7B14E /* Assets.xcassets in Resources */,
				9AE217B1265B4CE200D7B14E /* Main.storyboard in Resources */,
			);
			runOnlyForDeploymentPostprocessing = 0;
		};
/* End PBXResourcesBuildPhase section */

/* Begin PBXSourcesBuildPhase section */
		9AE217A2265B4CE200D7B14E /* Sources */ = {
			isa = PBXSourcesBuildPhase;
			buildActionMask = 2147483647;
			files = (
				9AE217AE265B4CE200D7B14E /* ViewController.swift in Sources */,
				9AE217AA265B4CE200D7B14E /* AppDelegate.swift in Sources */,
				9AE217AC265B4CE200D7B14E /* SceneDelegate.swift in Sources */,
				9AE217C0265B5B8600D7B14E /* cards.swift in Sources */,
				9ACA223F265B882800A0A172 /* GameOverViewController.swift in Sources */,
			);
			runOnlyForDeploymentPostprocessing = 0;
		};
/* End PBXSourcesBuildPhase section */

/* Begin PBXVariantGroup section */
		9AE217AF265B4CE200D7B14E /* Main.storyboard */ = {
			isa = PBXVariantGroup;
			children = (
				9AE217B0265B4CE200D7B14E /* Base */,
			);
			name = Main.storyboard;
			sourceTree = "<group>";
		};
		9AE217B4265B4CE200D7B14E /* LaunchScreen.storyboard */ = {
			isa = PBXVariantGroup;
			children = (
				9AE217B5265B4CE200D7B14E /* Base */,
			);
			name = LaunchScreen.storyboard;
			sourceTree = "<group>";
		};
/* End PBXVariantGroup section */

/* Begin XCBuildConfiguration section */
		9AE217B8265B4CE200D7B14E /* Debug */ = {
			isa = XCBuildConfiguration;
			buildSettings = {
				ALWAYS_SEARCH_USER_PATHS = NO;
				CLANG_ANALYZER_NONNULL = YES;
				CLANG_ANALYZER_NUMBER_OBJECT_CONVERSION = YES_AGGRESSIVE;
				CLANG_CXX_LANGUAGE_STANDARD = "gnu++14";
				CLANG_CXX_LIBRARY = "libc++";
				CLANG_ENABLE_MODULES = YES;
				CLANG_ENABLE_OBJC_ARC = YES;
				CLANG_ENABLE_OBJC_WEAK = YES;
				CLANG_WARN_BLOCK_CAPTURE_AUTORELEASING = YES;
				CLANG_WARN_BOOL_CONVERSION = YES;
				CLANG_WARN_COMMA = YES;
				CLANG_WARN_CONSTANT_CONVERSION = YES;
				CLANG_WARN_DEPRECATED_OBJC_IMPLEMENTATIONS = YES;
				CLANG_WARN_DIRECT_OBJC_ISA_USAGE = YES_ERROR;
				CLANG_WARN_DOCUMENTATION_COMMENTS = YES;
				CLANG_WARN_EMPTY_BODY = YES;
				CLANG_WARN_ENUM_CONVERSION = YES;
				CLANG_WARN_INFINITE_RECURSION = YES;
				CLANG_WARN_INT_CONVERSION = YES;
				CLANG_WARN_NON_LITERAL_NULL_CONVERSION = YES;
				CLANG_WARN_OBJC_IMPLICIT_RETAIN_SELF = YES;
				CLANG_WARN_OBJC_LITERAL_CONVERSION = YES;
				CLANG_WARN_OBJC_ROOT_CLASS = YES_ERROR;
				CLANG_WARN_QUOTED_INCLUDE_IN_FRAMEWORK_HEADER = YES;
				CLANG_WARN_RANGE_LOOP_ANALYSIS = YES;
				CLANG_WARN_STRICT_PROTOTYPES = YES;
				CLANG_WARN_SUSPICIOUS_MOVE = YES;
				CLANG_WARN_UNGUARDED_AVAILABILITY = YES_AGGRESSIVE;
				CLANG_WARN_UNREACHABLE_CODE = YES;
				CLANG_WARN__DUPLICATE_METHOD_MATCH = YES;
				COPY_PHASE_STRIP = NO;
				DEBUG_INFORMATION_FORMAT = dwarf;
				ENABLE_STRICT_OBJC_MSGSEND = YES;
				ENABLE_TESTABILITY = YES;
				GCC_C_LANGUAGE_STANDARD = gnu11;
				GCC_DYNAMIC_NO_PIC = NO;
				GCC_NO_COMMON_BLOCKS = YES;
				GCC_OPTIMIZATION_LEVEL = 0;
				GCC_PREPROCESSOR_DEFINITIONS = (
					"DEBUG=1",
					"$(inherited)",
				);
				GCC_WARN_64_TO_32_BIT_CONVERSION = YES;
				GCC_WARN_ABOUT_RETURN_TYPE = YES_ERROR;
				GCC_WARN_UNDECLARED_SELECTOR = YES;
				GCC_WARN_UNINITIALIZED_AUTOS = YES_AGGRESSIVE;
				GCC_WARN_UNUSED_FUNCTION = YES;
				GCC_WARN_UNUSED_VARIABLE = YES;
				IPHONEOS_DEPLOYMENT_TARGET = 14.4;
				MTL_ENABLE_DEBUG_INFO = INCLUDE_SOURCE;
				MTL_FAST_MATH = YES;
				ONLY_ACTIVE_ARCH = YES;
				SDKROOT = iphoneos;
				SWIFT_ACTIVE_COMPILATION_CONDITIONS = DEBUG;
				SWIFT_OPTIMIZATION_LEVEL = "-Onone";
			};
			name = Debug;
		};
		9AE217B9265B4CE200D7B14E /* Release */ = {
			isa = XCBuildConfiguration;
			buildSettings = {
				ALWAYS_SEARCH_USER_PATHS = NO;
				CLANG_ANALYZER_NONNULL = YES;
				CLANG_ANALYZER_NUMBER_OBJECT_CONVERSION = YES_AGGRESSIVE;
				CLANG_CXX_LANGUAGE_STANDARD = "gnu++14";
				CLANG_CXX_LIBRARY = "libc++";
				CLANG_ENABLE_MODULES = YES;
				CLANG_ENABLE_OBJC_ARC = YES;
				CLANG_ENABLE_OBJC_WEAK = YES;
				CLANG_WARN_BLOCK_CAPTURE_AUTORELEASING = YES;
				CLANG_WARN_BOOL_CONVERSION = YES;
				CLANG_WARN_COMMA = YES;
				CLANG_WARN_CONSTANT_CONVERSION = YES;
				CLANG_WARN_DEPRECATED_OBJC_IMPLEMENTATIONS = YES;
				CLANG_WARN_DIRECT_OBJC_ISA_USAGE = YES_ERROR;
				CLANG_WARN_DOCUMENTATION_COMMENTS = YES;
				CLANG_WARN_EMPTY_BODY = YES;
				CLANG_WARN_ENUM_CONVERSION = YES;
				CLANG_WARN_INFINITE_RECURSION = YES;
				CLANG_WARN_INT_CONVERSION = YES;
				CLANG_WARN_NON_LITERAL_NULL_CONVERSION = YES;
				CLANG_WARN_OBJC_IMPLICIT_RETAIN_SELF = YES;
				CLANG_WARN_OBJC_LITERAL_CONVERSION = YES;
				CLANG_WARN_OBJC_ROOT_CLASS = YES_ERROR;
				CLANG_WARN_QUOTED_INCLUDE_IN_FRAMEWORK_HEADER = YES;
				CLANG_WARN_RANGE_LOOP_ANALYSIS = YES;
				CLANG_WARN_STRICT_PROTOTYPES = YES;
				CLANG_WARN_SUSPICIOUS_MOVE = YES;
				CLANG_WARN_UNGUARDED_AVAILABILITY = YES_AGGRESSIVE;
				CLANG_WARN_UNREACHABLE_CODE = YES;
				CLANG_WARN__DUPLICATE_METHOD_MATCH = YES;
				COPY_PHASE_STRIP = NO;
				DEBUG_INFORMATION_FORMAT = "dwarf-with-dsym";
				ENABLE_NS_ASSERTIONS = NO;
				ENABLE_STRICT_OBJC_MSGSEND = YES;
				GCC_C_LANGUAGE_STANDARD = gnu11;
				GCC_NO_COMMON_BLOCKS = YES;
				GCC_WARN_64_TO_32_BIT_CONVERSION = YES;
				GCC_WARN_ABOUT_RETURN_TYPE = YES_ERROR;
				GCC_WARN_UNDECLARED_SELECTOR = YES;
				GCC_WARN_UNINITIALIZED_AUTOS = YES_AGGRESSIVE;
				GCC_WARN_UNUSED_FUNCTION = YES;
				GCC_WARN_UNUSED_VARIABLE = YES;
				IPHONEOS_DEPLOYMENT_TARGET = 14.4;
				MTL_ENABLE_DEBUG_INFO = NO;
				MTL_FAST_MATH = YES;
				SDKROOT = iphoneos;
				SWIFT_COMPILATION_MODE = wholemodule;
				SWIFT_OPTIMIZATION_LEVEL = "-O";
				VALIDATE_PRODUCT = YES;
			};
			name = Release;
		};
		9AE217BB265B4CE200D7B14E /* Debug */ = {
			isa = XCBuildConfiguration;
			buildSettings = {
				ASSETCATALOG_COMPILER_APPICON_NAME = AppIcon;
				ASSETCATALOG_COMPILER_GLOBAL_ACCENT_COLOR_NAME = AccentColor;
				CODE_SIGN_STYLE = Automatic;
				DEVELOPMENT_TEAM = Q552KV7YR5;
				INFOPLIST_FILE = "BlackJack-21點-3/Info.plist";
				LD_RUNPATH_SEARCH_PATHS = (
					"$(inherited)",
					"@executable_path/Frameworks",
				);
				PRODUCT_BUNDLE_IDENTIFIER = "CuteBunny.BlackJack-21--3";
				PRODUCT_NAME = "$(TARGET_NAME)";
				SWIFT_VERSION = 5.0;
				TARGETED_DEVICE_FAMILY = "1,2";
			};
			name = Debug;
		};
		9AE217BC265B4CE200D7B14E /* Release */ = {
			isa = XCBuildConfiguration;
			buildSettings = {
				ASSETCATALOG_COMPILER_APPICON_NAME = AppIcon;
				ASSETCATALOG_COMPILER_GLOBAL_ACCENT_COLOR_NAME = AccentColor;
				CODE_SIGN_STYLE = Automatic;
				DEVELOPMENT_TEAM = Q552KV7YR5;
				INFOPLIST_FILE = "BlackJack-21點-3/Info.plist";
				LD_RUNPATH_SEARCH_PATHS = (
					"$(inherited)",
					"@executable_path/Frameworks",
				);
				PRODUCT_BUNDLE_IDENTIFIER = "CuteBunny.BlackJack-21--3";
				PRODUCT_NAME = "$(TARGET_NAME)";
				SWIFT_VERSION = 5.0;
				TARGETED_DEVICE_FAMILY = "1,2";
			};
			name = Release;
		};
/* End XCBuildConfiguration section */

/* Begin XCConfigurationList section */
		9AE217A1265B4CE200D7B14E /* Build configuration list for PBXProject "BlackJack-21點-3" */ = {
			isa = XCConfigurationList;
			buildConfigurations = (
				9AE217B8265B4CE200D7B14E /* Debug */,
				9AE217B9265B4CE200D7B14E /* Release */,
			);
			defaultConfigurationIsVisible = 0;
			defaultConfigurationName = Release;
		};
		9AE217BA265B4CE200D7B14E /* Build configuration list for PBXNativeTarget "BlackJack-21點-3" */ = {
			isa = XCConfigurationList;
			buildConfigurations = (
				9AE217BB265B4CE200D7B14E /* Debug */,
				9AE217BC265B4CE200D7B14E /* Release */,
			);
			defaultConfigurationIsVisible = 0;
			defaultConfigurationName = Release;
		};
/* End XCConfigurationList section */
	};
	rootObject = 9AE2179E265B4CE200D7B14E /* Project object */;
}
